
Microsoft Visual Studio Solution File, Format Version 12.00
# Visual Studio 15
VisualStudioVersion = 15.0.27703.2042
MinimumVisualStudioVersion = 10.0.40219.1
Project("{E24C65DC-7377-472B-9ABA-BC803B73C61A}") = "UMGWeb", "UMGWeb\", "{3C2161FC-F6A6-472F-96A5-C02271CAA8F6}"
	ProjectSection(WebsiteProperties) = preProject
		TargetFrameworkMoniker = ".NETFramework,Version%3Dv4.6.1"
		Debug.AspNetCompiler.VirtualPath = "/localhost_63804"
		Debug.AspNetCompiler.PhysicalPath = "UMGWeb\"
		Debug.AspNetCompiler.TargetPath = "PrecompiledWeb\localhost_63804\"
		Debug.AspNetCompiler.Updateable = "true"
		Debug.AspNetCompiler.ForceOverwrite = "true"
		Debug.AspNetCompiler.FixedNames = "false"
		Debug.AspNetCompiler.Debug = "True"
		Release.AspNetCompiler.VirtualPath = "/localhost_63804"
		Release.AspNetCompiler.PhysicalPath = "UMGWeb\"
		Release.AspNetCompiler.TargetPath = "PrecompiledWeb\localhost_63804\"
		Release.AspNetCompiler.Updateable = "true"
		Release.AspNetCompiler.ForceOverwrite = "true"
		Release.AspNetCompiler.FixedNames = "false"
		Release.AspNetCompiler.Debug = "False"
		VWDPort = "63804"
		SlnRelativePath = "UMGWeb\"
		DefaultWebSiteLanguage = "Visual C#"
	EndProjectSection
EndProject
Global
	GlobalSection(SolutionConfigurationPlatforms) = preSolution
		Debug|Any CPU = Debug|Any CPU
	EndGlobalSection
	GlobalSection(ProjectConfigurationPlatforms) = postSolution
		{3C2161FC-F6A6-472F-96A5-C02271CAA8F6}.Debug|Any CPU.ActiveCfg = Debug|Any CPU
		{3C2161FC-F6A6-472F-96A5-C02271CAA8F6}.Debug|Any CPU.Build.0 = Debug|Any CPU
	EndGlobalSection
	GlobalSection(SolutionProperties) = preSolution
		HideSolutionNode = FALSE
	EndGlobalSection
	GlobalSection(ExtensibilityGlobals) = postSolution
		SolutionGuid = {C338B57D-B6F1-423F-9678-141DF5245505}
	EndGlobalSection
EndGlobal
